{
  "name": "mcp-cloud-wrappers",
  "lockfileVersion": 3,
  "requires": true,
  "packages": {
    "": {
      "devDependencies": {
        "aws-cdk": "^2.1114.1"
      }
    },
    "node_modules/aws-cdk": {
      "version": "2.1114.1",
      "resolved": "https://registry.npmjs.org/aws-cdk/-/aws-cdk-2.1114.1.tgz",
      "integrity": "sha512-jMaKPWQQs1G6AbhfCQG2zGrgAhTxzP0jn4T2CuwONuvcV374dMPhfC/LBAv48ruSOgpCK9x6V1xeO/aH3EchAA==",
      "dev": true,
      "license": "Apache-2.0",
      "bin": {
        "cdk": "bin/cdk"
      },
      "engines": {
        "node": ">= 18.0.0"
      }
    }
  }
}
